
Microsoft Visual Studio Solution File, Format Version 12.00
# Visual Studio Version 17
VisualStudioVersion = 17.2.32616.157
MinimumVisualStudioVersion = 10.0.40219.1
Project("{FAE04EC0-301F-11D3-BF4B-00C04F79EFBC}") = "ids4-identity", "ids4-identity\ids4-identity.csproj", "{846B0EAE-8F52-449C-964B-63EA4A8D1451}"
EndProject
Global
	GlobalSection(SolutionConfigurationPlatforms) = preSolution
		Debug|Any CPU = Debug|Any CPU
		Release|Any CPU = Release|Any CPU
	EndGlobalSection
	GlobalSection(ProjectConfigurationPlatforms) = postSolution
		{846B0EAE-8F52-449C-964B-63EA4A8D1451}.Debug|Any CPU.ActiveCfg = Debug|Any CPU
		{846B0EAE-8F52-449C-964B-63EA4A8D1451}.Debug|Any CPU.Build.0 = Debug|Any CPU
		{846B0EAE-8F52-449C-964B-63EA4A8D1451}.Release|Any CPU.ActiveCfg = Release|Any CPU
		{846B0EAE-8F52-449C-964B-63EA4A8D1451}.Release|Any CPU.Build.0 = Release|Any CPU
	EndGlobalSection
	GlobalSection(SolutionProperties) = preSolution
		HideSolutionNode = FALSE
	EndGlobalSection
	GlobalSection(ExtensibilityGlobals) = postSolution
		SolutionGuid = {782F868F-67F1-4E51-A92D-952381C37292}
	EndGlobalSection
EndGlobal
